// !$*UTF8*$!
{
	archiveVersion = 1;
	classes = {
	};
	objectVersion = 56;
	objects = {

/* Begin PBXBuildFile section */
		2D633F5A2C049E420057BFFD /* ProfileViewController.swift in Sources */ = {isa = PBXBuildFile; fileRef = 2D633F592C049E420057BFFD /* ProfileViewController.swift */; };
		2D633F632C050FFB0057BFFD /* SingleImageViewController.swift in Sources */ = {isa = PBXBuildFile; fileRef = 2D633F622C050FFB0057BFFD /* SingleImageViewController.swift */; };
		2DE862592BE5697100C9B5F8 /* AppDelegate.swift in Sources */ = {isa = PBXBuildFile; fileRef = 2DE862582BE5697100C9B5F8 /* AppDelegate.swift */; };
		2DE8625B2BE5697100C9B5F8 /* SceneDelegate.swift in Sources */ = {isa = PBXBuildFile; fileRef = 2DE8625A2BE5697100C9B5F8 /* SceneDelegate.swift */; };
		2DE8625D2BE5697100C9B5F8 /* ImagesListViewController.swift in Sources */ = {isa = PBXBuildFile; fileRef = 2DE8625C2BE5697100C9B5F8 /* ImagesListViewController.swift */; };
		2DE862602BE5697100C9B5F8 /* Base in Resources */ = {isa = PBXBuildFile; fileRef = 2DE8625F2BE5697100C9B5F8 /* Base */; };
		2DE862632BE5697100C9B5F8 /* imageFeed.xcdatamodeld in Sources */ = {isa = PBXBuildFile; fileRef = 2DE862612BE5697100C9B5F8 /* imageFeed.xcdatamodeld */; };
		2DE862652BE5697400C9B5F8 /* Assets.xcassets in Resources */ = {isa = PBXBuildFile; fileRef = 2DE862642BE5697400C9B5F8 /* Assets.xcassets */; };
		2DE862682BE5697400C9B5F8 /* Base in Resources */ = {isa = PBXBuildFile; fileRef = 2DE862672BE5697400C9B5F8 /* Base */; };
		2DE862732BE5697500C9B5F8 /* imageFeedTests.swift in Sources */ = {isa = PBXBuildFile; fileRef = 2DE862722BE5697500C9B5F8 /* imageFeedTests.swift */; };
		2DE8627D2BE5697500C9B5F8 /* imageFeedUITests.swift in Sources */ = {isa = PBXBuildFile; fileRef = 2DE8627C2BE5697500C9B5F8 /* imageFeedUITests.swift */; };
		2DE8627F2BE5697500C9B5F8 /* imageFeedUITestsLaunchTests.swift in Sources */ = {isa = PBXBuildFile; fileRef = 2DE8627E2BE5697500C9B5F8 /* imageFeedUITestsLaunchTests.swift */; };
		2DE862CB2BF3F1BB00C9B5F8 /* ImagesListCell.swift in Sources */ = {isa = PBXBuildFile; fileRef = 2DE862CA2BF3F1BB00C9B5F8 /* ImagesListCell.swift */; };
/* End PBXBuildFile section */

/* Begin PBXContainerItemProxy section */
		2DE8626F2BE5697500C9B5F8 /* PBXContainerItemProxy */ = {
			isa = PBXContainerItemProxy;
			containerPortal = 2DE8624D2BE5697100C9B5F8 /* Project object */;
			proxyType = 1;
			remoteGlobalIDString = 2DE862542BE5697100C9B5F8;
			remoteInfo = imageFeed;
		};
		2DE862792BE5697500C9B5F8 /* PBXContainerItemProxy */ = {
			isa = PBXContainerItemProxy;
			containerPortal = 2DE8624D2BE5697100C9B5F8 /* Project object */;
			proxyType = 1;
			remoteGlobalIDString = 2DE862542BE5697100C9B5F8;
			remoteInfo = imageFeed;
		};
/* End PBXContainerItemProxy section */

/* Begin PBXFileReference section */
		2D633F592C049E420057BFFD /* ProfileViewController.swift */ = {isa = PBXFileReference; lastKnownFileType = sourcecode.swift; path = ProfileViewController.swift; sourceTree = "<group>"; };
		2D633F622C050FFB0057BFFD /* SingleImageViewController.swift */ = {isa = PBXFileReference; lastKnownFileType = sourcecode.swift; path = SingleImageViewController.swift; sourceTree = "<group>"; };
		2DE862552BE5697100C9B5F8 /* imageFeed.app */ = {isa = PBXFileReference; explicitFileType = wrapper.application; includeInIndex = 0; path = imageFeed.app; sourceTree = BUILT_PRODUCTS_DIR; };
		2DE862582BE5697100C9B5F8 /* AppDelegate.swift */ = {isa = PBXFileReference; lastKnownFileType = sourcecode.swift; path = AppDelegate.swift; sourceTree = "<group>"; };
		2DE8625A2BE5697100C9B5F8 /* SceneDelegate.swift */ = {isa = PBXFileReference; lastKnownFileType = sourcecode.swift; path = SceneDelegate.swift; sourceTree = "<group>"; };
		2DE8625C2BE5697100C9B5F8 /* ImagesListViewController.swift */ = {isa = PBXFileReference; lastKnownFileType = sourcecode.swift; path = ImagesListViewController.swift; sourceTree = "<group>"; };
		2DE8625F2BE5697100C9B5F8 /* Base */ = {isa = PBXFileReference; lastKnownFileType = file.storyboard; name = Base; path = Base.lproj/Main.storyboard; sourceTree = "<group>"; };
		2DE862622BE5697100C9B5F8 /* imageFeed.xcdatamodel */ = {isa = PBXFileReference; lastKnownFileType = wrapper.xcdatamodel; path = imageFeed.xcdatamodel; sourceTree = "<group>"; };
		2DE862642BE5697400C9B5F8 /* Assets.xcassets */ = {isa = PBXFileReference; lastKnownFileType = folder.assetcatalog; path = Assets.xcassets; sourceTree = "<group>"; };
		2DE862672BE5697400C9B5F8 /* Base */ = {isa = PBXFileReference; lastKnownFileType = file.storyboard; name = Base; path = Base.lproj/LaunchScreen.storyboard; sourceTree = "<group>"; };
		2DE862692BE5697400C9B5F8 /* Info.plist */ = {isa = PBXFileReference; lastKnownFileType = text.plist.xml; path = Info.plist; sourceTree = "<group>"; };
		2DE8626E2BE5697500C9B5F8 /* imageFeedTests.xctest */ = {isa = PBXFileReference; explicitFileType = wrapper.cfbundle; includeInIndex = 0; path = imageFeedTests.xctest; sourceTree = BUILT_PRODUCTS_DIR; };
		2DE862722BE5697500C9B5F8 /* imageFeedTests.swift */ = {isa = PBXFileReference; lastKnownFileType = sourcecode.swift; path = imageFeedTests.swift; sourceTree = "<group>"; };
		2DE862782BE5697500C9B5F8 /* imageFeedUITests.xctest */ = {isa = PBXFileReference; explicitFileType = wrapper.cfbundle; includeInIndex = 0; path = imageFeedUITests.xctest; sourceTree = BUILT_PRODUCTS_DIR; };
		2DE8627C2BE5697500C9B5F8 /* imageFeedUITests.swift */ = {isa = PBXFileReference; lastKnownFileType = sourcecode.swift; path = imageFeedUITests.swift; sourceTree = "<group>"; };
		2DE8627E2BE5697500C9B5F8 /* imageFeedUITestsLaunchTests.swift */ = {isa = PBXFileReference; lastKnownFileType = sourcecode.swift; path = imageFeedUITestsLaunchTests.swift; sourceTree = "<group>"; };
		2DE862CA2BF3F1BB00C9B5F8 /* ImagesListCell.swift */ = {isa = PBXFileReference; lastKnownFileType = sourcecode.swift; path = ImagesListCell.swift; sourceTree = "<group>"; };
/* End PBXFileReference section */

/* Begin PBXFrameworksBuildPhase section */
		2DE862522BE5697100C9B5F8 /* Frameworks */ = {
			isa = PBXFrameworksBuildPhase;
			buildActionMask = 2147483647;
			files = (
			);
			runOnlyForDeploymentPostprocessing = 0;
		};
		2DE8626B2BE5697500C9B5F8 /* Frameworks */ = {
			isa = PBXFrameworksBuildPhase;
			buildActionMask = 2147483647;
			files = (
			);
			runOnlyForDeploymentPostprocessing = 0;
		};
		2DE862752BE5697500C9B5F8 /* Frameworks */ = {
			isa = PBXFrameworksBuildPhase;
			buildActionMask = 2147483647;
			files = (
			);
			runOnlyForDeploymentPostprocessing = 0;
		};
/* End PBXFrameworksBuildPhase section */

/* Begin PBXGroup section */
		2D633F582C049E1A0057BFFD /* Profile */ = {
			isa = PBXGroup;
			children = (
				2D633F592C049E420057BFFD /* ProfileViewController.swift */,
			);
			path = Profile;
			sourceTree = "<group>";
		};
		2D633F612C050FBC0057BFFD /* SingleImageViewController */ = {
			isa = PBXGroup;
			children = (
				2D633F622C050FFB0057BFFD /* SingleImageViewController.swift */,
			);
			path = SingleImageViewController;
			sourceTree = "<group>";
		};
		2DE8624C2BE5697100C9B5F8 = {
			isa = PBXGroup;
			children = (
				2DE862572BE5697100C9B5F8 /* imageFeed */,
				2DE862712BE5697500C9B5F8 /* imageFeedTests */,
				2DE8627B2BE5697500C9B5F8 /* imageFeedUITests */,
				2DE862562BE5697100C9B5F8 /* Products */,
			);
			sourceTree = "<group>";
		};
		2DE862562BE5697100C9B5F8 /* Products */ = {
			isa = PBXGroup;
			children = (
				2DE862552BE5697100C9B5F8 /* imageFeed.app */,
				2DE8626E2BE5697500C9B5F8 /* imageFeedTests.xctest */,
				2DE862782BE5697500C9B5F8 /* imageFeedUITests.xctest */,
			);
			name = Products;
			sourceTree = "<group>";
		};
		2DE862572BE5697100C9B5F8 /* imageFeed */ = {
			isa = PBXGroup;
			children = (
				2DE862582BE5697100C9B5F8 /* AppDelegate.swift */,
				2DE8625A2BE5697100C9B5F8 /* SceneDelegate.swift */,
				2D633F612C050FBC0057BFFD /* SingleImageViewController */,
				2D633F582C049E1A0057BFFD /* Profile */,
				2DE862CC2BF3F24C00C9B5F8 /* ImagesList */,
				2DE8625E2BE5697100C9B5F8 /* Main.storyboard */,
				2DE862642BE5697400C9B5F8 /* Assets.xcassets */,
				2DE862662BE5697400C9B5F8 /* LaunchScreen.storyboard */,
				2DE862692BE5697400C9B5F8 /* Info.plist */,
				2DE862612BE5697100C9B5F8 /* imageFeed.xcdatamodeld */,
			);
			path = imageFeed;
			sourceTree = "<group>";
		};
		2DE862712BE5697500C9B5F8 /* imageFeedTests */ = {
			isa = PBXGroup;
			children = (
				2DE862722BE5697500C9B5F8 /* imageFeedTests.swift */,
			);
			path = imageFeedTests;
			sourceTree = "<group>";
		};
		2DE8627B2BE5697500C9B5F8 /* imageFeedUITests */ = {
			isa = PBXGroup;
			children = (
				2DE8627C2BE5697500C9B5F8 /* imageFeedUITests.swift */,
				2DE8627E2BE5697500C9B5F8 /* imageFeedUITestsLaunchTests.swift */,
			);
			path = imageFeedUITests;
			sourceTree = "<group>";
		};
		2DE862CC2BF3F24C00C9B5F8 /* ImagesList */ = {
			isa = PBXGroup;
			children = (
				2DE8625C2BE5697100C9B5F8 /* ImagesListViewController.swift */,
				2DE862CA2BF3F1BB00C9B5F8 /* ImagesListCell.swift */,
			);
			path = ImagesList;
			sourceTree = "<group>";
		};
/* End PBXGroup section */

/* Begin PBXNativeTarget section */
		2DE862542BE5697100C9B5F8 /* imageFeed */ = {
			isa = PBXNativeTarget;
			buildConfigurationList = 2DE862822BE5697500C9B5F8 /* Build configuration list for PBXNativeTarget "imageFeed" */;
			buildPhases = (
				2DE862512BE5697100C9B5F8 /* Sources */,
				2DE862522BE5697100C9B5F8 /* Frameworks */,
				2DE862532BE5697100C9B5F8 /* Resources */,
			);
			buildRules = (
			);
			dependencies = (
			);
			name = imageFeed;
			productName = imageFeed;
			productReference = 2DE862552BE5697100C9B5F8 /* imageFeed.app */;
			productType = "com.apple.product-type.application";
		};
		2DE8626D2BE5697500C9B5F8 /* imageFeedTests */ = {
			isa = PBXNativeTarget;
			buildConfigurationList = 2DE862852BE5697500C9B5F8 /* Build configuration list for PBXNativeTarget "imageFeedTests" */;
			buildPhases = (
				2DE8626A2BE5697500C9B5F8 /* Sources */,
				2DE8626B2BE5697500C9B5F8 /* Frameworks */,
				2DE8626C2BE5697500C9B5F8 /* Resources */,
			);
			buildRules = (
			);
			dependencies = (
				2DE862702BE5697500C9B5F8 /* PBXTargetDependency */,
			);
			name = imageFeedTests;
			productName = imageFeedTests;
			productReference = 2DE8626E2BE5697500C9B5F8 /* imageFeedTests.xctest */;
			productType = "com.apple.product-type.bundle.unit-test";
		};
		2DE862772BE5697500C9B5F8 /* imageFeedUITests */ = {
			isa = PBXNativeTarget;
			buildConfigurationList = 2DE862882BE5697500C9B5F8 /* Build configuration list for PBXNativeTarget "imageFeedUITests" */;
			buildPhases = (
				2DE862742BE5697500C9B5F8 /* Sources */,
				2DE862752BE5697500C9B5F8 /* Frameworks */,
				2DE862762BE5697500C9B5F8 /* Resources */,
			);
			buildRules = (
			);
			dependencies = (
				2DE8627A2BE5697500C9B5F8 /* PBXTargetDependency */,
			);
			name = imageFeedUITests;
			productName = imageFeedUITests;
			productReference = 2DE862782BE5697500C9B5F8 /* imageFeedUITests.xctest */;
			productType = "com.apple.product-type.bundle.ui-testing";
		};
/* End PBXNativeTarget section */

/* Begin PBXProject section */
		2DE8624D2BE5697100C9B5F8 /* Project object */ = {
			isa = PBXProject;
			attributes = {
				BuildIndependentTargetsInParallel = 1;
				LastSwiftUpdateCheck = 1530;
				LastUpgradeCheck = 1530;
				TargetAttributes = {
					2DE862542BE5697100C9B5F8 = {
						CreatedOnToolsVersion = 15.3;
					};
					2DE8626D2BE5697500C9B5F8 = {
						CreatedOnToolsVersion = 15.3;
						TestTargetID = 2DE862542BE5697100C9B5F8;
					};
					2DE862772BE5697500C9B5F8 = {
						CreatedOnToolsVersion = 15.3;
						TestTargetID = 2DE862542BE5697100C9B5F8;
					};
				};
			};
			buildConfigurationList = 2DE862502BE5697100C9B5F8 /* Build configuration list for PBXProject "imageFeed" */;
			compatibilityVersion = "Xcode 14.0";
			developmentRegion = en;
			hasScannedForEncodings = 0;
			knownRegions = (
				en,
				Base,
			);
			mainGroup = 2DE8624C2BE5697100C9B5F8;
			productRefGroup = 2DE862562BE5697100C9B5F8 /* Products */;
			projectDirPath = "";
			projectRoot = "";
			targets = (
				2DE862542BE5697100C9B5F8 /* imageFeed */,
				2DE8626D2BE5697500C9B5F8 /* imageFeedTests */,
				2DE862772BE5697500C9B5F8 /* imageFeedUITests */,
			);
		};
/* End PBXProject section */

/* Begin PBXResourcesBuildPhase section */
		2DE862532BE5697100C9B5F8 /* Resources */ = {
			isa = PBXResourcesBuildPhase;
			buildActionMask = 2147483647;
			files = (
				2DE862652BE5697400C9B5F8 /* Assets.xcassets in Resources */,
				2DE862682BE5697400C9B5F8 /* Base in Resources */,
				2DE862602BE5697100C9B5F8 /* Base in Resources */,
			);
			runOnlyForDeploymentPostprocessing = 0;
		};
		2DE8626C2BE5697500C9B5F8 /* Resources */ = {
			isa = PBXResourcesBuildPhase;
			buildActionMask = 2147483647;
			files = (
			);
			runOnlyForDeploymentPostprocessing = 0;
		};
		2DE862762BE5697500C9B5F8 /* Resources */ = {
			isa = PBXResourcesBuildPhase;
			buildActionMask = 2147483647;
			files = (
			);
			runOnlyForDeploymentPostprocessing = 0;
		};
/* End PBXResourcesBuildPhase section */

/* Begin PBXSourcesBuildPhase section */
		2DE862512BE5697100C9B5F8 /* Sources */ = {
			isa = PBXSourcesBuildPhase;
			buildActionMask = 2147483647;
			files = (
				2DE8625D2BE5697100C9B5F8 /* ImagesListViewController.swift in Sources */,
				2DE862632BE5697100C9B5F8 /* imageFeed.xcdatamodeld in Sources */,
				2DE862CB2BF3F1BB00C9B5F8 /* ImagesListCell.swift in Sources */,
				2D633F632C050FFB0057BFFD /* SingleImageViewController.swift in Sources */,
				2D633F5A2C049E420057BFFD /* ProfileViewController.swift in Sources */,
				2DE862592BE5697100C9B5F8 /* AppDelegate.swift in Sources */,
				2DE8625B2BE5697100C9B5F8 /* SceneDelegate.swift in Sources */,
			);
			runOnlyForDeploymentPostprocessing = 0;
		};
		2DE8626A2BE5697500C9B5F8 /* Sources */ = {
			isa = PBXSourcesBuildPhase;
			buildActionMask = 2147483647;
			files = (
				2DE862732BE5697500C9B5F8 /* imageFeedTests.swift in Sources */,
			);
			runOnlyForDeploymentPostprocessing = 0;
		};
		2DE862742BE5697500C9B5F8 /* Sources */ = {
			isa = PBXSourcesBuildPhase;
			buildActionMask = 2147483647;
			files = (
				2DE8627F2BE5697500C9B5F8 /* imageFeedUITestsLaunchTests.swift in Sources */,
				2DE8627D2BE5697500C9B5F8 /* imageFeedUITests.swift in Sources */,
			);
			runOnlyForDeploymentPostprocessing = 0;
		};
/* End PBXSourcesBuildPhase section */

/* Begin PBXTargetDependency section */
		2DE862702BE5697500C9B5F8 /* PBXTargetDependency */ = {
			isa = PBXTargetDependency;
			target = 2DE862542BE5697100C9B5F8 /* imageFeed */;
			targetProxy = 2DE8626F2BE5697500C9B5F8 /* PBXContainerItemProxy */;
		};
		2DE8627A2BE5697500C9B5F8 /* PBXTargetDependency */ = {
			isa = PBXTargetDependency;
			target = 2DE862542BE5697100C9B5F8 /* imageFeed */;
			targetProxy = 2DE862792BE5697500C9B5F8 /* PBXContainerItemProxy */;
		};
/* End PBXTargetDependency section */

/* Begin PBXVariantGroup section */
		2DE8625E2BE5697100C9B5F8 /* Main.storyboard */ = {
			isa = PBXVariantGroup;
			children = (
				2DE8625F2BE5697100C9B5F8 /* Base */,
			);
			name = Main.storyboard;
			sourceTree = "<group>";
		};
		2DE862662BE5697400C9B5F8 /* LaunchScreen.storyboard */ = {
			isa = PBXVariantGroup;
			children = (
				2DE862672BE5697400C9B5F8 /* Base */,
			);
			name = LaunchScreen.storyboard;
			sourceTree = "<group>";
		};
/* End PBXVariantGroup section */

/* Begin XCBuildConfiguration section */
		2DE862802BE5697500C9B5F8 /* Debug */ = {
			isa = XCBuildConfiguration;
			buildSettings = {
				ALWAYS_SEARCH_USER_PATHS = NO;
				ASSETCATALOG_COMPILER_GENERATE_SWIFT_ASSET_SYMBOL_EXTENSIONS = YES;
				CLANG_ANALYZER_NONNULL = YES;
				CLANG_ANALYZER_NUMBER_OBJECT_CONVERSION = YES_AGGRESSIVE;
				CLANG_CXX_LANGUAGE_STANDARD = "gnu++20";
				CLANG_ENABLE_MODULES = YES;
				CLANG_ENABLE_OBJC_ARC = YES;
				CLANG_ENABLE_OBJC_WEAK = YES;
				CLANG_WARN_BLOCK_CAPTURE_AUTORELEASING = YES;
				CLANG_WARN_BOOL_CONVERSION = YES;
				CLANG_WARN_COMMA = YES;
				CLANG_WARN_CONSTANT_CONVERSION = YES;
				CLANG_WARN_DEPRECATED_OBJC_IMPLEMENTATIONS = YES;
				CLANG_WARN_DIRECT_OBJC_ISA_USAGE = YES_ERROR;
				CLANG_WARN_DOCUMENTATION_COMMENTS = YES;
				CLANG_WARN_EMPTY_BODY = YES;
				CLANG_WARN_ENUM_CONVERSION = YES;
				CLANG_WARN_INFINITE_RECURSION = YES;
				CLANG_WARN_INT_CONVERSION = YES;
				CLANG_WARN_NON_LITERAL_NULL_CONVERSION = YES;
				CLANG_WARN_OBJC_IMPLICIT_RETAIN_SELF = YES;
				CLANG_WARN_OBJC_LITERAL_CONVERSION = YES;
				CLANG_WARN_OBJC_ROOT_CLASS = YES_ERROR;
				CLANG_WARN_QUOTED_INCLUDE_IN_FRAMEWORK_HEADER = YES;
				CLANG_WARN_RANGE_LOOP_ANALYSIS = YES;
				CLANG_WARN_STRICT_PROTOTYPES = YES;
				CLANG_WARN_SUSPICIOUS_MOVE = YES;
				CLANG_WARN_UNGUARDED_AVAILABILITY = YES_AGGRESSIVE;
				CLANG_WARN_UNREACHABLE_CODE = YES;
				CLANG_WARN__DUPLICATE_METHOD_MATCH = YES;
				COPY_PHASE_STRIP = NO;
				DEBUG_INFORMATION_FORMAT = dwarf;
				ENABLE_STRICT_OBJC_MSGSEND = YES;
				ENABLE_TESTABILITY = YES;
				ENABLE_USER_SCRIPT_SANDBOXING = YES;
				GCC_C_LANGUAGE_STANDARD = gnu17;
				GCC_DYNAMIC_NO_PIC = NO;
				GCC_NO_COMMON_BLOCKS = YES;
				GCC_OPTIMIZATION_LEVEL = 0;
				GCC_PREPROCESSOR_DEFINITIONS = (
					"DEBUG=1",
					"$(inherited)",
				);
				GCC_WARN_64_TO_32_BIT_CONVERSION = YES;
				GCC_WARN_ABOUT_RETURN_TYPE = YES_ERROR;
				GCC_WARN_UNDECLARED_SELECTOR = YES;
				GCC_WARN_UNINITIALIZED_AUTOS = YES_AGGRESSIVE;
				GCC_WARN_UNUSED_FUNCTION = YES;
				GCC_WARN_UNUSED_VARIABLE = YES;
				IPHONEOS_DEPLOYMENT_TARGET = 17.4;
				LOCALIZATION_PREFERS_STRING_CATALOGS = YES;
				MTL_ENABLE_DEBUG_INFO = INCLUDE_SOURCE;
				MTL_FAST_MATH = YES;
				ONLY_ACTIVE_ARCH = YES;
				SDKROOT = iphoneos;
				SWIFT_ACTIVE_COMPILATION_CONDITIONS = "DEBUG $(inherited)";
				SWIFT_OPTIMIZATION_LEVEL = "-Onone";
			};
			name = Debug;
		};
		2DE862812BE5697500C9B5F8 /* Release */ = {
			isa = XCBuildConfiguration;
			buildSettings = {
				ALWAYS_SEARCH_USER_PATHS = NO;
				ASSETCATALOG_COMPILER_GENERATE_SWIFT_ASSET_SYMBOL_EXTENSIONS = YES;
				CLANG_ANALYZER_NONNULL = YES;
				CLANG_ANALYZER_NUMBER_OBJECT_CONVERSION = YES_AGGRESSIVE;
				CLANG_CXX_LANGUAGE_STANDARD = "gnu++20";
				CLANG_ENABLE_MODULES = YES;
				CLANG_ENABLE_OBJC_ARC = YES;
				CLANG_ENABLE_OBJC_WEAK = YES;
				CLANG_WARN_BLOCK_CAPTURE_AUTORELEASING = YES;
				CLANG_WARN_BOOL_CONVERSION = YES;
				CLANG_WARN_COMMA = YES;
				CLANG_WARN_CONSTANT_CONVERSION = YES;
				CLANG_WARN_DEPRECATED_OBJC_IMPLEMENTATIONS = YES;
				CLANG_WARN_DIRECT_OBJC_ISA_USAGE = YES_ERROR;
				CLANG_WARN_DOCUMENTATION_COMMENTS = YES;
				CLANG_WARN_EMPTY_BODY = YES;
				CLANG_WARN_ENUM_CONVERSION = YES;
				CLANG_WARN_INFINITE_RECURSION = YES;
				CLANG_WARN_INT_CONVERSION = YES;
				CLANG_WARN_NON_LITERAL_NULL_CONVERSION = YES;
				CLANG_WARN_OBJC_IMPLICIT_RETAIN_SELF = YES;
				CLANG_WARN_OBJC_LITERAL_CONVERSION = YES;
				CLANG_WARN_OBJC_ROOT_CLASS = YES_ERROR;
				CLANG_WARN_QUOTED_INCLUDE_IN_FRAMEWORK_HEADER = YES;
				CLANG_WARN_RANGE_LOOP_ANALYSIS = YES;
				CLANG_WARN_STRICT_PROTOTYPES = YES;
				CLANG_WARN_SUSPICIOUS_MOVE = YES;
				CLANG_WARN_UNGUARDED_AVAILABILITY = YES_AGGRESSIVE;
				CLANG_WARN_UNREACHABLE_CODE = YES;
				CLANG_WARN__DUPLICATE_METHOD_MATCH = YES;
				COPY_PHASE_STRIP = NO;
				DEBUG_INFORMATION_FORMAT = "dwarf-with-dsym";
				ENABLE_NS_ASSERTIONS = NO;
				ENABLE_STRICT_OBJC_MSGSEND = YES;
				ENABLE_USER_SCRIPT_SANDBOXING = YES;
				GCC_C_LANGUAGE_STANDARD = gnu17;
				GCC_NO_COMMON_BLOCKS = YES;
				GCC_WARN_64_TO_32_BIT_CONVERSION = YES;
				GCC_WARN_ABOUT_RETURN_TYPE = YES_ERROR;
				GCC_WARN_UNDECLARED_SELECTOR = YES;
				GCC_WARN_UNINITIALIZED_AUTOS = YES_AGGRESSIVE;
				GCC_WARN_UNUSED_FUNCTION = YES;
				GCC_WARN_UNUSED_VARIABLE = YES;
				IPHONEOS_DEPLOYMENT_TARGET = 17.4;
				LOCALIZATION_PREFERS_STRING_CATALOGS = YES;
				MTL_ENABLE_DEBUG_INFO = NO;
				MTL_FAST_MATH = YES;
				SDKROOT = iphoneos;
				SWIFT_COMPILATION_MODE = wholemodule;
				VALIDATE_PRODUCT = YES;
			};
			name = Release;
		};
		2DE862832BE5697500C9B5F8 /* Debug */ = {
			isa = XCBuildConfiguration;
			buildSettings = {
				ASSETCATALOG_COMPILER_APPICON_NAME = AppIcon;
				ASSETCATALOG_COMPILER_GLOBAL_ACCENT_COLOR_NAME = AccentColor;
				CODE_SIGN_STYLE = Automatic;
				CURRENT_PROJECT_VERSION = 1;
				DEVELOPMENT_TEAM = 33T7246N85;
				GENERATE_INFOPLIST_FILE = YES;
				INFOPLIST_FILE = imageFeed/Info.plist;
				INFOPLIST_KEY_UIApplicationSupportsIndirectInputEvents = YES;
				INFOPLIST_KEY_UILaunchStoryboardName = LaunchScreen;
				INFOPLIST_KEY_UIMainStoryboardFile = Main;
				INFOPLIST_KEY_UISupportedInterfaceOrientations = UIInterfaceOrientationPortrait;
				INFOPLIST_KEY_UISupportedInterfaceOrientations_iPad = "UIInterfaceOrientationLandscapeLeft UIInterfaceOrientationLandscapeRight UIInterfaceOrientationPortrait UIInterfaceOrientationPortraitUpsideDown";
				IPHONEOS_DEPLOYMENT_TARGET = 13.0;
				LD_RUNPATH_SEARCH_PATHS = (
					"$(inherited)",
					"@executable_path/Frameworks",
				);
				MARKETING_VERSION = 1.0;
				PRODUCT_BUNDLE_IDENTIFIER = yermanibragimuly.imageFeed;
				PRODUCT_NAME = "$(TARGET_NAME)";
				SUPPORTED_PLATFORMS = "iphoneos iphonesimulator";
				SUPPORTS_MACCATALYST = NO;
				SUPPORTS_MAC_DESIGNED_FOR_IPHONE_IPAD = NO;
				SUPPORTS_XR_DESIGNED_FOR_IPHONE_IPAD = NO;
				SWIFT_EMIT_LOC_STRINGS = YES;
				SWIFT_VERSION = 5.0;
				TARGETED_DEVICE_FAMILY = 1;
			};
			name = Debug;
		};
		2DE862842BE5697500C9B5F8 /* Release */ = {
			isa = XCBuildConfiguration;
			buildSettings = {
				ASSETCATALOG_COMPILER_APPICON_NAME = AppIcon;
				ASSETCATALOG_COMPILER_GLOBAL_ACCENT_COLOR_NAME = AccentColor;
				CODE_SIGN_STYLE = Automatic;
				CURRENT_PROJECT_VERSION = 1;
				DEVELOPMENT_TEAM = 33T7246N85;
				GENERATE_INFOPLIST_FILE = YES;
				INFOPLIST_FILE = imageFeed/Info.plist;
				INFOPLIST_KEY_UIApplicationSupportsIndirectInputEvents = YES;
				INFOPLIST_KEY_UILaunchStoryboardName = LaunchScreen;
				INFOPLIST_KEY_UIMainStoryboardFile = Main;
				INFOPLIST_KEY_UISupportedInterfaceOrientations = UIInterfaceOrientationPortrait;
				INFOPLIST_KEY_UISupportedInterfaceOrientations_iPad = "UIInterfaceOrientationLandscapeLeft UIInterfaceOrientationLandscapeRight UIInterfaceOrientationPortrait UIInterfaceOrientationPortraitUpsideDown";
				IPHONEOS_DEPLOYMENT_TARGET = 13.0;
				LD_RUNPATH_SEARCH_PATHS = (
					"$(inherited)",
					"@executable_path/Frameworks",
				);
				MARKETING_VERSION = 1.0;
				PRODUCT_BUNDLE_IDENTIFIER = yermanibragimuly.imageFeed;
				PRODUCT_NAME = "$(TARGET_NAME)";
				SUPPORTED_PLATFORMS = "iphoneos iphonesimulator";
				SUPPORTS_MACCATALYST = NO;
				SUPPORTS_MAC_DESIGNED_FOR_IPHONE_IPAD = NO;
				SUPPORTS_XR_DESIGNED_FOR_IPHONE_IPAD = NO;
				SWIFT_EMIT_LOC_STRINGS = YES;
				SWIFT_VERSION = 5.0;
				TARGETED_DEVICE_FAMILY = 1;
			};
			name = Release;
		};
		2DE862862BE5697500C9B5F8 /* Debug */ = {
			isa = XCBuildConfiguration;
			buildSettings = {
				ALWAYS_EMBED_SWIFT_STANDARD_LIBRARIES = YES;
				BUNDLE_LOADER = "$(TEST_HOST)";
				CODE_SIGN_STYLE = Automatic;
				CURRENT_PROJECT_VERSION = 1;
				DEVELOPMENT_TEAM = 33T7246N85;
				GENERATE_INFOPLIST_FILE = YES;
				IPHONEOS_DEPLOYMENT_TARGET = 17.4;
				MARKETING_VERSION = 1.0;
				PRODUCT_BUNDLE_IDENTIFIER = ru.yandex.practicum.imageFeedTests;
				PRODUCT_NAME = "$(TARGET_NAME)";
				SWIFT_EMIT_LOC_STRINGS = NO;
				SWIFT_VERSION = 5.0;
				TARGETED_DEVICE_FAMILY = "1,2";
				TEST_HOST = "$(BUILT_PRODUCTS_DIR)/imageFeed.app/$(BUNDLE_EXECUTABLE_FOLDER_PATH)/imageFeed";
			};
			name = Debug;
		};
		2DE862872BE5697500C9B5F8 /* Release */ = {
			isa = XCBuildConfiguration;
			buildSettings = {
				ALWAYS_EMBED_SWIFT_STANDARD_LIBRARIES = YES;
				BUNDLE_LOADER = "$(TEST_HOST)";
				CODE_SIGN_STYLE = Automatic;
				CURRENT_PROJECT_VERSION = 1;
				DEVELOPMENT_TEAM = 33T7246N85;
				GENERATE_INFOPLIST_FILE = YES;
				IPHONEOS_DEPLOYMENT_TARGET = 17.4;
				MARKETING_VERSION = 1.0;
				PRODUCT_BUNDLE_IDENTIFIER = ru.yandex.practicum.imageFeedTests;
				PRODUCT_NAME = "$(TARGET_NAME)";
				SWIFT_EMIT_LOC_STRINGS = NO;
				SWIFT_VERSION = 5.0;
				TARGETED_DEVICE_FAMILY = "1,2";
				TEST_HOST = "$(BUILT_PRODUCTS_DIR)/imageFeed.app/$(BUNDLE_EXECUTABLE_FOLDER_PATH)/imageFeed";
			};
			name = Release;
		};
		2DE862892BE5697500C9B5F8 /* Debug */ = {
			isa = XCBuildConfiguration;
			buildSettings = {
				ALWAYS_EMBED_SWIFT_STANDARD_LIBRARIES = YES;
				CODE_SIGN_STYLE = Automatic;
				CURRENT_PROJECT_VERSION = 1;
				DEVELOPMENT_TEAM = 33T7246N85;
				GENERATE_INFOPLIST_FILE = YES;
				MARKETING_VERSION = 1.0;
				PRODUCT_BUNDLE_IDENTIFIER = ru.yandex.practicum.imageFeedUITests;
				PRODUCT_NAME = "$(TARGET_NAME)";
				SWIFT_EMIT_LOC_STRINGS = NO;
				SWIFT_VERSION = 5.0;
				TARGETED_DEVICE_FAMILY = "1,2";
				TEST_TARGET_NAME = imageFeed;
			};
			name = Debug;
		};
		2DE8628A2BE5697500C9B5F8 /* Release */ = {
			isa = XCBuildConfiguration;
			buildSettings = {
				ALWAYS_EMBED_SWIFT_STANDARD_LIBRARIES = YES;
				CODE_SIGN_STYLE = Automatic;
				CURRENT_PROJECT_VERSION = 1;
				DEVELOPMENT_TEAM = 33T7246N85;
				GENERATE_INFOPLIST_FILE = YES;
				MARKETING_VERSION = 1.0;
				PRODUCT_BUNDLE_IDENTIFIER = ru.yandex.practicum.imageFeedUITests;
				PRODUCT_NAME = "$(TARGET_NAME)";
				SWIFT_EMIT_LOC_STRINGS = NO;
				SWIFT_VERSION = 5.0;
				TARGETED_DEVICE_FAMILY = "1,2";
				TEST_TARGET_NAME = imageFeed;
			};
			name = Release;
		};
/* End XCBuildConfiguration section */

/* Begin XCConfigurationList section */
		2DE862502BE5697100C9B5F8 /* Build configuration list for PBXProject "imageFeed" */ = {
			isa = XCConfigurationList;
			buildConfigurations = (
				2DE862802BE5697500C9B5F8 /* Debug */,
				2DE862812BE5697500C9B5F8 /* Release */,
			);
			defaultConfigurationIsVisible = 0;
			defaultConfigurationName = Release;
		};
		2DE862822BE5697500C9B5F8 /* Build configuration list for PBXNativeTarget "imageFeed" */ = {
			isa = XCConfigurationList;
			buildConfigurations = (
				2DE862832BE5697500C9B5F8 /* Debug */,
				2DE862842BE5697500C9B5F8 /* Release */,
			);
			defaultConfigurationIsVisible = 0;
			defaultConfigurationName = Release;
		};
		2DE862852BE5697500C9B5F8 /* Build configuration list for PBXNativeTarget "imageFeedTests" */ = {
			isa = XCConfigurationList;
			buildConfigurations = (
				2DE862862BE5697500C9B5F8 /* Debug */,
				2DE862872BE5697500C9B5F8 /* Release */,
			);
			defaultConfigurationIsVisible = 0;
			defaultConfigurationName = Release;
		};
		2DE862882BE5697500C9B5F8 /* Build configuration list for PBXNativeTarget "imageFeedUITests" */ = {
			isa = XCConfigurationList;
			buildConfigurations = (
				2DE862892BE5697500C9B5F8 /* Debug */,
				2DE8628A2BE5697500C9B5F8 /* Release */,
			);
			defaultConfigurationIsVisible = 0;
			defaultConfigurationName = Release;
		};
/* End XCConfigurationList section */

/* Begin XCVersionGroup section */
		2DE862612BE5697100C9B5F8 /* imageFeed.xcdatamodeld */ = {
			isa = XCVersionGroup;
			children = (
				2DE862622BE5697100C9B5F8 /* imageFeed.xcdatamodel */,
			);
			currentVersion = 2DE862622BE5697100C9B5F8 /* imageFeed.xcdatamodel */;
			path = imageFeed.xcdatamodeld;
			sourceTree = "<group>";
			versionGroupType = wrapper.xcdatamodel;
		};
/* End XCVersionGroup section */
	};
	rootObject = 2DE8624D2BE5697100C9B5F8 /* Project object */;
}
